# This file is automatically @generated by Poetry 1.8.3 and should not be changed by hand.

[[package]]
name = "duckdb"
version = "1.1.1"
description = "DuckDB in-process database"
optional = false
python-versions = ">=3.7.0"
files = [
    {file = "duckdb-1.1.1-cp310-cp310-macosx_12_0_arm64.whl", hash = "sha256:e310610b692d30aa7f1f40d7878b26978a5b191f23fa8fa082bd17092c67c2fd"},
    {file = "duckdb-1.1.1-cp310-cp310-macosx_12_0_universal2.whl", hash = "sha256:7acc97c3cc995850a4fa59dfa6ce713d7ea187c9696632161aa09d898f001a2b"},
    {file = "duckdb-1.1.1-cp310-cp310-macosx_12_0_x86_64.whl", hash = "sha256:c0a09d78daea0de7ddf3d6d1113e80ceed8c15537e93f8efaad53024ffbde245"},
    {file = "duckdb-1.1.1-cp310-cp310-manylinux_2_17_aarch64.manylinux2014_aarch64.whl", hash = "sha256:50c3b1667b0c73cb076b1b1f8fa0fd88fcef5c2bbb2b9acdef79e2eae429c248"},
    {file = "duckdb-1.1.1-cp310-cp310-manylinux_2_17_x86_64.manylinux2014_x86_64.whl", hash = "sha256:1499a9b159d4675ea46786b7ebdbabd8287c62b6b116ccfd529112318d47184e"},
    {file = "duckdb-1.1.1-cp310-cp310-manylinux_2_24_aarch64.manylinux_2_28_aarch64.whl", hash = "sha256:876deda2ce97f4a9005a9ac862f0ebee9e5956d51d589a24955802ca91726d49"},
    {file = "duckdb-1.1.1-cp310-cp310-musllinux_1_2_x86_64.whl", hash = "sha256:40be901b38c709076f699b0c2f42a0c5663a496647eba350530e3a77f46a239b"},
    {file = "duckdb-1.1.1-cp310-cp310-win_amd64.whl", hash = "sha256:5cb7642c5b21b8165b60029c274fc931c7c29cae3124b9a95ed73d050dd23584"},
    {file = "duckdb-1.1.1-cp311-cp311-macosx_12_0_arm64.whl", hash = "sha256:959716b65cf1c94fc117ac9c9692eea0bd64ae53bc8ab6538d459087b474dbeb"},
    {file = "duckdb-1.1.1-cp311-cp311-macosx_12_0_universal2.whl", hash = "sha256:6ff3c52ce0f8d25478155eb01de043ad0a25badbd10e684a2cd74363f1b86cde"},
    {file = "duckdb-1.1.1-cp311-cp311-macosx_12_0_x86_64.whl", hash = "sha256:430294cf11ce866d3b726cf4530462316e20b773fed3cf2de3cf63eb89650da6"},
    {file = "duckdb-1.1.1-cp311-cp311-manylinux_2_17_aarch64.manylinux2014_aarch64.whl", hash = "sha256:dc9d48f772fafeea52568a0568cd11314cd79a10214069f3700dbcb31ebdf511"},
    {file = "duckdb-1.1.1-cp311-cp311-manylinux_2_17_x86_64.manylinux2014_x86_64.whl", hash = "sha256:572095739024d9a5aa2dd8336c289af6a624c203004213e49b7e2469275e940f"},
    {file = "duckdb-1.1.1-cp311-cp311-manylinux_2_24_aarch64.manylinux_2_28_aarch64.whl", hash = "sha256:660d9baf637b9a15e1ba74bbe02d3b4a20d82e8cbbd7d0712e0d59e3e9d6efea"},
    {file = "duckdb-1.1.1-cp311-cp311-musllinux_1_2_x86_64.whl", hash = "sha256:b91973605c8a30a38c4381a27895e7768cb3caa6700b2534ab76cc6b72cac390"},
    {file = "duckdb-1.1.1-cp311-cp311-win_amd64.whl", hash = "sha256:f57c9e070cecf42d379145a75f325ec57fb1d410d6ff6592b5a28c2ff2b5792c"},
    {file = "duckdb-1.1.1-cp312-cp312-macosx_12_0_arm64.whl", hash = "sha256:926a99b81c50b9a4a43ca26dcb781f934d35e773d22913548396601ab8d44c12"},
    {file = "duckdb-1.1.1-cp312-cp312-macosx_12_0_universal2.whl", hash = "sha256:55a2632d27b5a965f1d9fc74b03383e80a3f8e3dc9596807dfb02c8db08cfcb7"},
    {file = "duckdb-1.1.1-cp312-cp312-macosx_12_0_x86_64.whl", hash = "sha256:8d8174fe47caf48d830dc477a45cedc8c970722df09dc1456bddc760ff6ccf68"},
    {file = "duckdb-1.1.1-cp312-cp312-manylinux_2_17_aarch64.manylinux2014_aarch64.whl", hash = "sha256:9ad84023399002222fa8d5264a8dc2083053027910df728da92cabb07494a489"},
    {file = "duckdb-1.1.1-cp312-cp312-manylinux_2_17_x86_64.manylinux2014_x86_64.whl", hash = "sha256:1c8adbc8b37444424c72043288f1521c860555a4f151ee4b744e6125f5d05729"},
    {file = "duckdb-1.1.1-cp312-cp312-manylinux_2_24_aarch64.manylinux_2_28_aarch64.whl", hash = "sha256:550524c1b423eeb7ca0fdf1c2e6d29e723d7ec7cfab3050b9feb55a620ae927f"},
    {file = "duckdb-1.1.1-cp312-cp312-musllinux_1_2_x86_64.whl", hash = "sha256:4064243e4d3f445975b78773677de0ccbe924f9c7058a7c2cfedb24bba2ba939"},
    {file = "duckdb-1.1.1-cp312-cp312-win_amd64.whl", hash = "sha256:4f64516dc62dd0fcbb9785c5bc7532a4fca3e6016bbcc92a2b235aa972c631f6"},
    {file = "duckdb-1.1.1-cp313-cp313-macosx_12_0_arm64.whl", hash = "sha256:4bf75a64c927470b6618496adcfbf0f316ef09d46a44cfe8e38b78e9ff40c8a0"},
    {file = "duckdb-1.1.1-cp313-cp313-macosx_12_0_universal2.whl", hash = "sha256:5c8cd6fd7107299b9a243836cd8163e4c08d6228f18cbee4ed9f535f53300096"},
    {file = "duckdb-1.1.1-cp313-cp313-macosx_12_0_x86_64.whl", hash = "sha256:fc81c02b4d73533a438a9bbae19499531d85b752233c905facc4df41bbde043c"},
    {file = "duckdb-1.1.1-cp313-cp313-manylinux_2_17_aarch64.manylinux2014_aarch64.whl", hash = "sha256:baff4014caf6553b624a296e4db2926602670bd9be6e0fc75f3e970b085631b0"},
    {file = "duckdb-1.1.1-cp313-cp313-manylinux_2_17_x86_64.manylinux2014_x86_64.whl", hash = "sha256:e21b75a9a60f10b5b5033138c317d929018c92f355fadae5949b310a9179e0a7"},
    {file = "duckdb-1.1.1-cp313-cp313-manylinux_2_24_aarch64.manylinux_2_28_aarch64.whl", hash = "sha256:8220f039c5ea06dc126232464ab9b77197f80ae53d4611b0a41f73c54f6f3931"},
    {file = "duckdb-1.1.1-cp313-cp313-musllinux_1_2_x86_64.whl", hash = "sha256:07384414ceae585d4106a7dc154331ae42f45390ed675ec81e3d01f2252a6b01"},
    {file = "duckdb-1.1.1-cp313-cp313-win_amd64.whl", hash = "sha256:82776b3999e71a962db0bdc3f0258407ef41453f63eb47c33da29b644f8eb530"},
    {file = "duckdb-1.1.1-cp37-cp37m-manylinux_2_17_aarch64.manylinux2014_aarch64.whl", hash = "sha256:35d4323655be4053fb90d47e85222c93fd56aea0e8ab0ac44bd8f7249ba85697"},
    {file = "duckdb-1.1.1-cp37-cp37m-manylinux_2_17_x86_64.manylinux2014_x86_64.whl", hash = "sha256:990d0799e0f543a4369413dc6caf7782cbbab49955c08c28ac56d5dab5ccef11"},
    {file = "duckdb-1.1.1-cp37-cp37m-manylinux_2_24_aarch64.manylinux_2_28_aarch64.whl", hash = "sha256:5ef3ba36b317abe000f502702eaaefdd8c3651a25aa0ad409f9487b286e2fb28"},
    {file = "duckdb-1.1.1-cp37-cp37m-win_amd64.whl", hash = "sha256:2c6e513a572967cd2bab0f20ce265f8eaf95ea7b554eecf1c233717c38569abc"},
    {file = "duckdb-1.1.1-cp38-cp38-macosx_12_0_arm64.whl", hash = "sha256:567471cb964a0e54a7874c578e81af7b6ab474676ae6469ae1c33c2353f76fb1"},
    {file = "duckdb-1.1.1-cp38-cp38-macosx_12_0_universal2.whl", hash = "sha256:a41d8eb4dc538d17660b78f2f4ecd0ba29666a396453bb71d6f4972bf2b3959e"},
    {file = "duckdb-1.1.1-cp38-cp38-macosx_12_0_x86_64.whl", hash = "sha256:31be0b9bc1909fb60abda7cd30615fe0224d1e451160d79e8e0313d6205417b0"},
    {file = "duckdb-1.1.1-cp38-cp38-manylinux_2_17_aarch64.manylinux2014_aarch64.whl", hash = "sha256:541fb49da108e080d4f2984d2fdabaee36d65967a33642f8bce03373b29952f0"},
    {file = "duckdb-1.1.1-cp38-cp38-manylinux_2_17_x86_64.manylinux2014_x86_64.whl", hash = "sha256:e1c54f836dac5eddbe369fa654811e979bb07688638a52d1c006172feb5b75a5"},
    {file = "duckdb-1.1.1-cp38-cp38-manylinux_2_24_aarch64.manylinux_2_28_aarch64.whl", hash = "sha256:afb97970ee72e554b507c6f2e40b356bdbf8fc1f466e7c4d1797183eb66c0809"},
    {file = "duckdb-1.1.1-cp38-cp38-win_amd64.whl", hash = "sha256:a2cdcb68247f02017a35a0b617ceb1d36a02a7c0588d7e2ed91c9a4e9f14c3f6"},
    {file = "duckdb-1.1.1-cp39-cp39-macosx_12_0_arm64.whl", hash = "sha256:36d71969cb98d10dc2391d8755921258d197995cc8c69e6c82fc377c2f71940a"},
    {file = "duckdb-1.1.1-cp39-cp39-macosx_12_0_universal2.whl", hash = "sha256:3693f464409379a21aff4e35b5f67eb6c96fc402649d9ffddbda4ee9ee9ba9b6"},
    {file = "duckdb-1.1.1-cp39-cp39-macosx_12_0_x86_64.whl", hash = "sha256:06ca7f4ca785cc86e9f9aa23d16b67b82dc454b14c396b2e0ff4c09698c7838e"},
    {file = "duckdb-1.1.1-cp39-cp39-manylinux_2_17_aarch64.manylinux2014_aarch64.whl", hash = "sha256:5ed92f3229bf70897a742e7648f648aa8b0c81a7489072aec5515c5635f3303c"},
    {file = "duckdb-1.1.1-cp39-cp39-manylinux_2_17_x86_64.manylinux2014_x86_64.whl", hash = "sha256:a80ebf52c03f81265b67720abc06a5c7770d08df82b30cabbe266012bd526229"},
    {file = "duckdb-1.1.1-cp39-cp39-manylinux_2_24_aarch64.manylinux_2_28_aarch64.whl", hash = "sha256:402a42b992227ebb371a48681ce71b6d1c0661385454b269e6aa379f77a8a83a"},
    {file = "duckdb-1.1.1-cp39-cp39-musllinux_1_2_x86_64.whl", hash = "sha256:a182d3cbf2e352aaddf392887331bbac460c473cbd55c65d6b6121ef7b43f174"},
    {file = "duckdb-1.1.1-cp39-cp39-win_amd64.whl", hash = "sha256:fafc7d1ec4401787597a5f983d4ef8a9b0638f31e1674a458c57383911166f27"},
    {file = "duckdb-1.1.1.tar.gz", hash = "sha256:74fb07c1334a73e0ead1b0a03646d349921dac655762d916c8e45194c8218d30"},
]

[metadata]
lock-version = "2.0"
python-versions = "^3.11"
content-hash = "bacbffb0aef724c23e4e17c80536dc543ccf9b6da0ed9639e07a9cb2ef012373"
