# This file is automatically @generated by Poetry 1.8.3 and should not be changed by hand.

[[package]]
name = "duckdb"
version = "1.1.0"
description = "DuckDB in-process database"
optional = false
python-versions = ">=3.7.0"
files = [
    {file = "duckdb-1.1.0-cp310-cp310-macosx_12_0_arm64.whl", hash = "sha256:5e4cbc408e6e41146dea89b9044dae7356e353db0c96b183e5583ee02bc6ae5d"},
    {file = "duckdb-1.1.0-cp310-cp310-macosx_12_0_universal2.whl", hash = "sha256:6370ae27ec8167ccfbefb94f58ad9fdc7bac142399960549d6d367f233189868"},
    {file = "duckdb-1.1.0-cp310-cp310-macosx_12_0_x86_64.whl", hash = "sha256:4e1c3414f7fd01f4810dc8b335deffc91933a159282d65fef11c1286bc0ded04"},
    {file = "duckdb-1.1.0-cp310-cp310-manylinux_2_17_aarch64.manylinux2014_aarch64.whl", hash = "sha256:c6bc2a58689adf5520303c5f68b065b9f980bd31f1366c541b8c7490abaf55cd"},
    {file = "duckdb-1.1.0-cp310-cp310-manylinux_2_17_x86_64.manylinux2014_x86_64.whl", hash = "sha256:d02be208d2885ca085d4c852b911493b8cdac9d6eae893259da32bd72a437c25"},
    {file = "duckdb-1.1.0-cp310-cp310-manylinux_2_24_aarch64.manylinux_2_28_aarch64.whl", hash = "sha256:655df442ceebfc6f3fd6c8766e04b60d44dddedfa90275d794f9fab2d3180879"},
    {file = "duckdb-1.1.0-cp310-cp310-musllinux_1_2_x86_64.whl", hash = "sha256:6e183729bb64be7798ccbfda6283ebf423c869268c25af2b56929e48f763be2f"},
    {file = "duckdb-1.1.0-cp310-cp310-win_amd64.whl", hash = "sha256:61fb838da51e07ceb0222c4406b059b90e10efcc453c19a3650b73c0112138c4"},
    {file = "duckdb-1.1.0-cp311-cp311-macosx_12_0_arm64.whl", hash = "sha256:7807e2f0d3344668e433f0dc1f54bfaddd410589611393e9a7ed56f8dec9514f"},
    {file = "duckdb-1.1.0-cp311-cp311-macosx_12_0_universal2.whl", hash = "sha256:3da30b7b466f710d52caa1fdc3ef0bf4176ad7f115953cd9f8b0fbf0f723778f"},
    {file = "duckdb-1.1.0-cp311-cp311-macosx_12_0_x86_64.whl", hash = "sha256:b9b6a77ef0183f561b1fc2945fcc762a71570ffd33fea4e3a855d413ed596fe4"},
    {file = "duckdb-1.1.0-cp311-cp311-manylinux_2_17_aarch64.manylinux2014_aarch64.whl", hash = "sha256:16243e66a9fd0e64ee265f2634d137adc6593f54ddf3ef55cb8a29e1decf6e54"},
    {file = "duckdb-1.1.0-cp311-cp311-manylinux_2_17_x86_64.manylinux2014_x86_64.whl", hash = "sha256:42b910a149e00f40a1766dc74fa309d4255b912a5d2fdcc387287658048650f6"},
    {file = "duckdb-1.1.0-cp311-cp311-manylinux_2_24_aarch64.manylinux_2_28_aarch64.whl", hash = "sha256:47849d546dc4238c0f20e95fe53b621aa5b08684e68fff91fd84a7092be91a17"},
    {file = "duckdb-1.1.0-cp311-cp311-musllinux_1_2_x86_64.whl", hash = "sha256:11ec967b67159361ceade34095796a8d19368ea5c30cad988f44896b082b0816"},
    {file = "duckdb-1.1.0-cp311-cp311-win_amd64.whl", hash = "sha256:510b5885ed6c267b9c0e1e7c6138fdffc2dd6f934a5a95b76da85da127213338"},
    {file = "duckdb-1.1.0-cp312-cp312-macosx_12_0_arm64.whl", hash = "sha256:657bc7ac64d5faf069a782ae73afac51ef30ae2e5d0e09ce6a09d03db84ab35e"},
    {file = "duckdb-1.1.0-cp312-cp312-macosx_12_0_universal2.whl", hash = "sha256:89f3de8cba57d19b41cd3c47dd06d979bd2a2ffead115480e37afbe72b02896d"},
    {file = "duckdb-1.1.0-cp312-cp312-macosx_12_0_x86_64.whl", hash = "sha256:f6486323ab20656d22ffa8f3c6e109dde30d0b327b7c831f22ebcfe747f97fb0"},
    {file = "duckdb-1.1.0-cp312-cp312-manylinux_2_17_aarch64.manylinux2014_aarch64.whl", hash = "sha256:78a4510f82431ee3f14db689fe8727a4a9062c8f2fbb3bcfe3bfad3c1a198004"},
    {file = "duckdb-1.1.0-cp312-cp312-manylinux_2_17_x86_64.manylinux2014_x86_64.whl", hash = "sha256:64bf2a6e23840d662bd2ac09206a9bd4fa657418884d69e5c352d4456dc70b3c"},
    {file = "duckdb-1.1.0-cp312-cp312-manylinux_2_24_aarch64.manylinux_2_28_aarch64.whl", hash = "sha256:23fc9aa0af74e3803ed90c8d98280fd5bcac8c940592bf6288e8fd60fb051d00"},
    {file = "duckdb-1.1.0-cp312-cp312-musllinux_1_2_x86_64.whl", hash = "sha256:1f3aea31341ce400640dd522e4399b941f66df17e39884f446638fe958d6117c"},
    {file = "duckdb-1.1.0-cp312-cp312-win_amd64.whl", hash = "sha256:3db4ab31c20de4edaef152930836b38e7662cd71370748fdf2c38ba9cf854dc4"},
    {file = "duckdb-1.1.0-cp37-cp37m-manylinux_2_17_aarch64.manylinux2014_aarch64.whl", hash = "sha256:e3b6b4fe1edfe35f64f403a9f0ab75258cee35abd964356893ee37424174b7e4"},
    {file = "duckdb-1.1.0-cp37-cp37m-manylinux_2_17_x86_64.manylinux2014_x86_64.whl", hash = "sha256:aad02f50d5a2020822d1638fc1a9bcf082056f11d2e15ccfc1c1ed4d0f85a3be"},
    {file = "duckdb-1.1.0-cp37-cp37m-manylinux_2_24_aarch64.manylinux_2_28_aarch64.whl", hash = "sha256:eb66e9e7391801928ea134dcab12d2e4c97f2ce0391c603a3e480bbb15830bc8"},
    {file = "duckdb-1.1.0-cp37-cp37m-musllinux_1_2_x86_64.whl", hash = "sha256:069fb7bca459e31edb32a61f0eea95d7a8a766bef7b8318072563abf8e939593"},
    {file = "duckdb-1.1.0-cp37-cp37m-win_amd64.whl", hash = "sha256:e39f9b7b62e64e10d421ff04480290a70129c38067d1a4f600e9212b10542c5a"},
    {file = "duckdb-1.1.0-cp38-cp38-macosx_12_0_arm64.whl", hash = "sha256:55ef98bcc7ba745752607f1b926e8d9b7ce32c42c423bbad10c44820aefe23a7"},
    {file = "duckdb-1.1.0-cp38-cp38-macosx_12_0_universal2.whl", hash = "sha256:e2a08175e43b865c1e9611efd18cacd29ddd69093de442b1ebdf312071df7719"},
    {file = "duckdb-1.1.0-cp38-cp38-macosx_12_0_x86_64.whl", hash = "sha256:0e3644b1f034012d82b9baa12a7ea306fe71dc6623731b28c753c4a617ff9499"},
    {file = "duckdb-1.1.0-cp38-cp38-manylinux_2_17_aarch64.manylinux2014_aarch64.whl", hash = "sha256:211a33c1ddb5cc609f75eb43772b0b03b45d2fa89bec107e4715267ca907806a"},
    {file = "duckdb-1.1.0-cp38-cp38-manylinux_2_17_x86_64.manylinux2014_x86_64.whl", hash = "sha256:8e74b6f8a5145abbf7e6c1a2a61f0adbcd493c19b358f524ec9a3cebdf362abb"},
    {file = "duckdb-1.1.0-cp38-cp38-manylinux_2_24_aarch64.manylinux_2_28_aarch64.whl", hash = "sha256:58f1633dd2c5af5088ae2d119418e200855d0699d84f2fae9d46d30f404bcead"},
    {file = "duckdb-1.1.0-cp38-cp38-musllinux_1_2_x86_64.whl", hash = "sha256:d18caea926b1e301c29b140418fca697aad728129e269b4f82c2795a184549e1"},
    {file = "duckdb-1.1.0-cp38-cp38-win_amd64.whl", hash = "sha256:cd9fb1408942411ad360f8414bc3fbf0091c396ca903d947a10f2e31324d5cbd"},
    {file = "duckdb-1.1.0-cp39-cp39-macosx_12_0_arm64.whl", hash = "sha256:bd11bc899cebf5ff936d1276a2dfb7b7db08aba3bcc42924afeafc2163bddb43"},
    {file = "duckdb-1.1.0-cp39-cp39-macosx_12_0_universal2.whl", hash = "sha256:53825a63193c582a78c152ea53de8d145744ddbeea18f452625a82ebc33eb14a"},
    {file = "duckdb-1.1.0-cp39-cp39-macosx_12_0_x86_64.whl", hash = "sha256:29dc18087de47563b3859a6b98bbed96e1c96ce5db829646dc3b16a916997e7d"},
    {file = "duckdb-1.1.0-cp39-cp39-manylinux_2_17_aarch64.manylinux2014_aarch64.whl", hash = "sha256:ecb19319883564237a7a03a104dbe7f445e73519bb67108fcab3d19b6b91fe30"},
    {file = "duckdb-1.1.0-cp39-cp39-manylinux_2_17_x86_64.manylinux2014_x86_64.whl", hash = "sha256:aac2fcabe2d5072c252d0b3087365f431de812d8199705089fb073e4d039d19c"},
    {file = "duckdb-1.1.0-cp39-cp39-manylinux_2_24_aarch64.manylinux_2_28_aarch64.whl", hash = "sha256:d89eaaa5df8a57e7d2bc1f4c46493bb1fee319a00155f2015810ad2ace6570ae"},
    {file = "duckdb-1.1.0-cp39-cp39-musllinux_1_2_x86_64.whl", hash = "sha256:d86a6926313913cd2cc7e08816d3e7f72ba340adf2959279b1a80058be6526d9"},
    {file = "duckdb-1.1.0-cp39-cp39-win_amd64.whl", hash = "sha256:d8333f3e85fa2a0f1c222b752c2bd42ea875235ff88492f7bcbb6867d0f644eb"},
    {file = "duckdb-1.1.0.tar.gz", hash = "sha256:b4d4c12b1f98732151bd31377753e0da1a20f6423016d2d097d2e31953ec7c23"},
]

[metadata]
lock-version = "2.0"
python-versions = "^3.11"
content-hash = "bacbffb0aef724c23e4e17c80536dc543ccf9b6da0ed9639e07a9cb2ef012373"
