# This file is automatically @generated by Poetry 1.8.3 and should not be changed by hand.

[[package]]
name = "duckdb"
version = "1.1.2"
description = "DuckDB in-process database"
optional = false
python-versions = ">=3.7.0"
files = [
    {file = "duckdb-1.1.2-cp310-cp310-macosx_12_0_arm64.whl", hash = "sha256:91e7f99cf5cab1d26f92cb014429153497d805e79689baa44f4c4585a8cb243f"},
    {file = "duckdb-1.1.2-cp310-cp310-macosx_12_0_universal2.whl", hash = "sha256:0107de622fe208142a1108263a03c43956048dcc99be3702d8e5d2aeaf99554c"},
    {file = "duckdb-1.1.2-cp310-cp310-macosx_12_0_x86_64.whl", hash = "sha256:8a09610f780857677725897856f8cdf3cafd8a991f871e6cb8ba88b2dbc8d737"},
    {file = "duckdb-1.1.2-cp310-cp310-manylinux_2_17_aarch64.manylinux2014_aarch64.whl", hash = "sha256:c0f0ddac0482f0f3fece54d720d13819e82ae26c01a939ffa66a87be53f7f665"},
    {file = "duckdb-1.1.2-cp310-cp310-manylinux_2_17_x86_64.manylinux2014_x86_64.whl", hash = "sha256:84103373e818758dfa361d27781d0f096553843c5ffb9193260a0786c5248270"},
    {file = "duckdb-1.1.2-cp310-cp310-manylinux_2_24_aarch64.manylinux_2_28_aarch64.whl", hash = "sha256:bfdfd23e2bf58014ad0673973bd0ed88cd048dfe8e82420814a71d7d52ef2288"},
    {file = "duckdb-1.1.2-cp310-cp310-musllinux_1_2_x86_64.whl", hash = "sha256:25889e6e29b87047b1dd56385ac08156e4713c59326cc6fff89657d01b2c417b"},
    {file = "duckdb-1.1.2-cp310-cp310-win_amd64.whl", hash = "sha256:312570fa5277c3079de18388b86c2d87cbe1044838bb152b235c0227581d5d42"},
    {file = "duckdb-1.1.2-cp311-cp311-macosx_12_0_arm64.whl", hash = "sha256:568439ea4fce8cb72ec1f767cd510686a9e7e29a011fc7c56d990059a6e94e48"},
    {file = "duckdb-1.1.2-cp311-cp311-macosx_12_0_universal2.whl", hash = "sha256:74974f2d7210623a5d61b1fb0cb589c6e5ffcbf7dbb757a04c5ba24adcfc8cac"},
    {file = "duckdb-1.1.2-cp311-cp311-macosx_12_0_x86_64.whl", hash = "sha256:e26422a3358c816d764639070945b73eef55d1b4df990989e3492c85ef725c21"},
    {file = "duckdb-1.1.2-cp311-cp311-manylinux_2_17_aarch64.manylinux2014_aarch64.whl", hash = "sha256:87e972bd452eeeab197fe39dcaeecdb7c264b1f75a0ee67e532e235fe45b84df"},
    {file = "duckdb-1.1.2-cp311-cp311-manylinux_2_17_x86_64.manylinux2014_x86_64.whl", hash = "sha256:9a6b73e70b73c8df85da383f6e557c03cad5c877868b9a7e41715761e8166c1e"},
    {file = "duckdb-1.1.2-cp311-cp311-manylinux_2_24_aarch64.manylinux_2_28_aarch64.whl", hash = "sha256:623cb1952466aae5907af84107bcdec25a5ca021a8b6441e961f41edc724f6f2"},
    {file = "duckdb-1.1.2-cp311-cp311-musllinux_1_2_x86_64.whl", hash = "sha256:d9fc0b550f96901fa7e76dc70a13f6477ad3e18ef1cb21d414c3a5569de3f27e"},
    {file = "duckdb-1.1.2-cp311-cp311-win_amd64.whl", hash = "sha256:181edb1973bd8f493bcb6ecfa035f1a592dff4667758592f300619012ba251c0"},
    {file = "duckdb-1.1.2-cp312-cp312-macosx_12_0_arm64.whl", hash = "sha256:83372b1b411086cac01ab2071122772fa66170b1b41ddbc37527464066083668"},
    {file = "duckdb-1.1.2-cp312-cp312-macosx_12_0_universal2.whl", hash = "sha256:db37441deddfee6ac35a0c742d2f9e90e4e50b9e76d586a060d122b8fc56dada"},
    {file = "duckdb-1.1.2-cp312-cp312-macosx_12_0_x86_64.whl", hash = "sha256:19142a77e72874aeaa6fda30aeb13612c6de5e8c60fbcc3392cea6ef0694eeaf"},
    {file = "duckdb-1.1.2-cp312-cp312-manylinux_2_17_aarch64.manylinux2014_aarch64.whl", hash = "sha256:099d99dd48d6e4682a3dd6233ceab73d977ebe1a87afaac54cf77c844e24514a"},
    {file = "duckdb-1.1.2-cp312-cp312-manylinux_2_17_x86_64.manylinux2014_x86_64.whl", hash = "sha256:be86e586ca7af7e807f72479a2b8d0983565360b19dbda4ef8a9d7b3909b8e2c"},
    {file = "duckdb-1.1.2-cp312-cp312-manylinux_2_24_aarch64.manylinux_2_28_aarch64.whl", hash = "sha256:578e0953e4d8ba8da0cd69fb2930c45f51ce47d213b77d8a4cd461f9c0960b87"},
    {file = "duckdb-1.1.2-cp312-cp312-musllinux_1_2_x86_64.whl", hash = "sha256:72b5eb5762c1a5e68849c7143f3b3747a9f15c040e34e41559f233a1569ad16f"},
    {file = "duckdb-1.1.2-cp312-cp312-win_amd64.whl", hash = "sha256:9b4c6b6a08180261d98330d97355503961a25ca31cd9ef296e0681f7895b4a2c"},
    {file = "duckdb-1.1.2-cp313-cp313-macosx_12_0_arm64.whl", hash = "sha256:695dcbc561374b126e86659709feadf883c9969ed718e94713edd4ba15d16619"},
    {file = "duckdb-1.1.2-cp313-cp313-macosx_12_0_universal2.whl", hash = "sha256:ada29be1e889f486c6cf1f6dffd15463e748faf361f33996f2e862779edc24a9"},
    {file = "duckdb-1.1.2-cp313-cp313-macosx_12_0_x86_64.whl", hash = "sha256:6ca722738fa9eb6218619740631de29acfdd132de6f6a6350fee5e291c2f6117"},
    {file = "duckdb-1.1.2-cp313-cp313-manylinux_2_17_aarch64.manylinux2014_aarch64.whl", hash = "sha256:c796d33f1e5a0c8c570d22da0c0b1db8578687e427029e1ce2c8ce3f9fffa6a3"},
    {file = "duckdb-1.1.2-cp313-cp313-manylinux_2_17_x86_64.manylinux2014_x86_64.whl", hash = "sha256:f5c0996988a70dd3bc8111d9b9aeab7e38ed1999a52607c5f1b528e362b4dd1c"},
    {file = "duckdb-1.1.2-cp313-cp313-manylinux_2_24_aarch64.manylinux_2_28_aarch64.whl", hash = "sha256:6c37b039f6d6fed14d89450f5ccf54922b3304192d7412e12d6cc8d9e757f7a2"},
    {file = "duckdb-1.1.2-cp313-cp313-musllinux_1_2_x86_64.whl", hash = "sha256:e8c766b87f675c76d6d17103bf6fb9fb1a9e2fcb3d9b25c28bbc634bde31223e"},
    {file = "duckdb-1.1.2-cp313-cp313-win_amd64.whl", hash = "sha256:e3e6300b7ccaf64b609f4f0780a6e1d25ab8cf34cceed46e62c35b6c4c5cb63b"},
    {file = "duckdb-1.1.2-cp37-cp37m-manylinux_2_17_aarch64.manylinux2014_aarch64.whl", hash = "sha256:8a01fae9604a54ecbc26e7503c522311f15afbd2870e6d8f6fbef4545dfae550"},
    {file = "duckdb-1.1.2-cp37-cp37m-manylinux_2_17_x86_64.manylinux2014_x86_64.whl", hash = "sha256:492b1d86a696428bd3f14dc1c7c3230e2dbca8978f288be64b04a26e0e00fad5"},
    {file = "duckdb-1.1.2-cp37-cp37m-manylinux_2_24_aarch64.manylinux_2_28_aarch64.whl", hash = "sha256:1bba58459ad897a78c4e478a097626fc266459a40338cecc68a49a8d5dc72fb7"},
    {file = "duckdb-1.1.2-cp37-cp37m-win_amd64.whl", hash = "sha256:d395a3bf510bf24686821eec15802624797dcb33e8f14f8a7cc8e17d909474af"},
    {file = "duckdb-1.1.2-cp38-cp38-macosx_12_0_arm64.whl", hash = "sha256:fd800f75728727fe699ed1eb22b636867cf48c9dd105ee88b977e20c89df4509"},
    {file = "duckdb-1.1.2-cp38-cp38-macosx_12_0_universal2.whl", hash = "sha256:d8caaf43909e49537e26df51d80d075ae2b25a610d28ed8bd31d6ccebeaf3c65"},
    {file = "duckdb-1.1.2-cp38-cp38-macosx_12_0_x86_64.whl", hash = "sha256:564166811c68d9c7f9911eb707ad32ec9c2507b98336d894fbe658b85bf1c697"},
    {file = "duckdb-1.1.2-cp38-cp38-manylinux_2_17_aarch64.manylinux2014_aarch64.whl", hash = "sha256:19386aa09f0d6f97634ba2972096d1c80d880176dfb0e949eadc91c98262a663"},
    {file = "duckdb-1.1.2-cp38-cp38-manylinux_2_17_x86_64.manylinux2014_x86_64.whl", hash = "sha256:e9e8387bcc9a591ad14011ddfec0d408d1d9b1889c6c9b495a04c7016a24b9b3"},
    {file = "duckdb-1.1.2-cp38-cp38-manylinux_2_24_aarch64.manylinux_2_28_aarch64.whl", hash = "sha256:f8c5ff4970403ed3ff0ac71fe0ce1e6be3199df9d542afc84c424b444ba4ffe8"},
    {file = "duckdb-1.1.2-cp38-cp38-win_amd64.whl", hash = "sha256:9283dcca87c3260eb631a99d738fa72b8545ed45b475bc72ad254f7310e14284"},
    {file = "duckdb-1.1.2-cp39-cp39-macosx_12_0_arm64.whl", hash = "sha256:f87edaf20001530e63a4f7bda13b55dc3152d7171226915f2bf34e0813c8759e"},
    {file = "duckdb-1.1.2-cp39-cp39-macosx_12_0_universal2.whl", hash = "sha256:efec169b3fe0b821e3207ba3e445f227d42dd62b4440ff79c37fa168a4fc5a71"},
    {file = "duckdb-1.1.2-cp39-cp39-macosx_12_0_x86_64.whl", hash = "sha256:89164a2d29d56605a95ee5032aa415dd487028c4fd3e06d971497840e74c56e7"},
    {file = "duckdb-1.1.2-cp39-cp39-manylinux_2_17_aarch64.manylinux2014_aarch64.whl", hash = "sha256:6858e10c60ff7e70e61d3dd53d2545c8b2609942e45fd6de38cd0dee52932de3"},
    {file = "duckdb-1.1.2-cp39-cp39-manylinux_2_17_x86_64.manylinux2014_x86_64.whl", hash = "sha256:7ca967c5a57b1d0cb0fd5e539ab24110e5a59dcbedd365bb2dc80533d6e44a8d"},
    {file = "duckdb-1.1.2-cp39-cp39-manylinux_2_24_aarch64.manylinux_2_28_aarch64.whl", hash = "sha256:4ce949f1d7999aa6a046eb64067eee41d4c5c2872ba4fa408c9947742d0c7231"},
    {file = "duckdb-1.1.2-cp39-cp39-musllinux_1_2_x86_64.whl", hash = "sha256:9ba6d1f918e6ca47a368a0c32806016405cb9beb2c245806b0ca998f569d2bdf"},
    {file = "duckdb-1.1.2-cp39-cp39-win_amd64.whl", hash = "sha256:7111fd3e7b334a7be383313ce29918b7c643e4f6ef44d6d63c3ab3fa6716c114"},
    {file = "duckdb-1.1.2.tar.gz", hash = "sha256:c8232861dc8ec6daa29067056d5a0e5789919f2ab22ab792787616d7cd52f02a"},
]

[metadata]
lock-version = "2.0"
python-versions = "^3.11"
content-hash = "bacbffb0aef724c23e4e17c80536dc543ccf9b6da0ed9639e07a9cb2ef012373"
